
Microsoft Visual Studio Solution File, Format Version 12.00
# Visual Studio Version 17
VisualStudioVersion = 17.6.33829.357
MinimumVisualStudioVersion = 10.0.40219.1
Project("{00D1A9C2-B5F0-4AF3-8072-F6C62B433612}") = "CatalogDB", "Catalog\CatalogDB.sqlproj", "{39BD097D-BAF6-443A-90B7-3855022C3B06}"
EndProject
Global
	GlobalSection(SolutionConfigurationPlatforms) = preSolution
		Debug|Any CPU = Debug|Any CPU
		Release|Any CPU = Release|Any CPU
	EndGlobalSection
	GlobalSection(ProjectConfigurationPlatforms) = postSolution
		{39BD097D-BAF6-443A-90B7-3855022C3B06}.Debug|Any CPU.ActiveCfg = Debug|Any CPU
		{39BD097D-BAF6-443A-90B7-3855022C3B06}.Debug|Any CPU.Build.0 = Debug|Any CPU
		{39BD097D-BAF6-443A-90B7-3855022C3B06}.Debug|Any CPU.Deploy.0 = Debug|Any CPU
		{39BD097D-BAF6-443A-90B7-3855022C3B06}.Release|Any CPU.ActiveCfg = Release|Any CPU
		{39BD097D-BAF6-443A-90B7-3855022C3B06}.Release|Any CPU.Build.0 = Release|Any CPU
		{39BD097D-BAF6-443A-90B7-3855022C3B06}.Release|Any CPU.Deploy.0 = Release|Any CPU
	EndGlobalSection
	GlobalSection(SolutionProperties) = preSolution
		HideSolutionNode = FALSE
	EndGlobalSection
	GlobalSection(ExtensibilityGlobals) = postSolution
		SolutionGuid = {C8E9D998-5C3C-418F-94E8-E164919F55E2}
	EndGlobalSection
EndGlobal
